
Microsoft Visual Studio Solution File, Format Version 12.00
# Visual Studio Version 17
VisualStudioVersion = 17.5.002.0
MinimumVisualStudioVersion = 10.0.40219.1
Project("{9A19103F-16F7-4668-BE54-9A1E7A4F7556}") = "dojo_survey_validation", "dojo_survey_validation.csproj", "{27D1E228-75DD-48DE-AAD1-D037C2999971}"
EndProject
Global
	GlobalSection(SolutionConfigurationPlatforms) = preSolution
		Debug|Any CPU = Debug|Any CPU
		Release|Any CPU = Release|Any CPU
	EndGlobalSection
	GlobalSection(ProjectConfigurationPlatforms) = postSolution
		{27D1E228-75DD-48DE-AAD1-D037C2999971}.Debug|Any CPU.ActiveCfg = Debug|Any CPU
		{27D1E228-75DD-48DE-AAD1-D037C2999971}.Debug|Any CPU.Build.0 = Debug|Any CPU
		{27D1E228-75DD-48DE-AAD1-D037C2999971}.Release|Any CPU.ActiveCfg = Release|Any CPU
		{27D1E228-75DD-48DE-AAD1-D037C2999971}.Release|Any CPU.Build.0 = Release|Any CPU
	EndGlobalSection
	GlobalSection(SolutionProperties) = preSolution
		HideSolutionNode = FALSE
	EndGlobalSection
	GlobalSection(ExtensibilityGlobals) = postSolution
		SolutionGuid = {A55D37A1-8F71-47D6-870F-DBFC16D64DA0}
	EndGlobalSection
EndGlobal
